
Microsoft Visual Studio Solution File, Format Version 12.00
# Visual Studio Version 16
VisualStudioVersion = 16.0.29728.190
MinimumVisualStudioVersion = 10.0.40219.1
Project("{FAE04EC0-301F-11D3-BF4B-00C04F79EFBC}") = "Addition_task", "Addition_task\Addition_task.csproj", "{F8AD06B4-4805-4C9A-B13C-265C7BE514FA}"
EndProject
Global
	GlobalSection(SolutionConfigurationPlatforms) = preSolution
		Debug|Any CPU = Debug|Any CPU
		Release|Any CPU = Release|Any CPU
	EndGlobalSection
	GlobalSection(ProjectConfigurationPlatforms) = postSolution
		{F8AD06B4-4805-4C9A-B13C-265C7BE514FA}.Debug|Any CPU.ActiveCfg = Debug|Any CPU
		{F8AD06B4-4805-4C9A-B13C-265C7BE514FA}.Debug|Any CPU.Build.0 = Debug|Any CPU
		{F8AD06B4-4805-4C9A-B13C-265C7BE514FA}.Release|Any CPU.ActiveCfg = Release|Any CPU
		{F8AD06B4-4805-4C9A-B13C-265C7BE514FA}.Release|Any CPU.Build.0 = Release|Any CPU
	EndGlobalSection
	GlobalSection(SolutionProperties) = preSolution
		HideSolutionNode = FALSE
	EndGlobalSection
	GlobalSection(ExtensibilityGlobals) = postSolution
		SolutionGuid = {2764C079-107B-450D-A7A4-93A9453E6AE5}
	EndGlobalSection
EndGlobal
